// !$*UTF8*$!
{
	archiveVersion = 1;
	classes = {
	};
	objectVersion = 55;
	objects = {

/* Begin PBXBuildFile section */
		1C3EB387284E6E4600FFEAAA /* MyAssetsApp.swift in Sources */ = {isa = PBXBuildFile; fileRef = 1C3EB386284E6E4600FFEAAA /* MyAssetsApp.swift */; };
		1C3EB389284E6E4600FFEAAA /* ContentView.swift in Sources */ = {isa = PBXBuildFile; fileRef = 1C3EB388284E6E4600FFEAAA /* ContentView.swift */; };
		1C3EB38B284E6E4700FFEAAA /* Assets.xcassets in Resources */ = {isa = PBXBuildFile; fileRef = 1C3EB38A284E6E4700FFEAAA /* Assets.xcassets */; };
		1C3EB38E284E6E4700FFEAAA /* Preview Assets.xcassets in Resources */ = {isa = PBXBuildFile; fileRef = 1C3EB38D284E6E4700FFEAAA /* Preview Assets.xcassets */; };
		1C3EB395284E890F00FFEAAA /* NavigationBarWithButton.swift in Sources */ = {isa = PBXBuildFile; fileRef = 1C3EB394284E890F00FFEAAA /* NavigationBarWithButton.swift */; };
		1C3EB397284FAC3E00FFEAAA /* AssetMenu.swift in Sources */ = {isa = PBXBuildFile; fileRef = 1C3EB396284FAC3D00FFEAAA /* AssetMenu.swift */; };
		1C3EB399284FADFF00FFEAAA /* AssetMenuButtonStyle.swift in Sources */ = {isa = PBXBuildFile; fileRef = 1C3EB398284FADFE00FFEAAA /* AssetMenuButtonStyle.swift */; };
		1C3EB39D284FB87F00FFEAAA /* AssetMenuGridView.swift in Sources */ = {isa = PBXBuildFile; fileRef = 1C3EB39C284FB87F00FFEAAA /* AssetMenuGridView.swift */; };
		1C3EB39F284FBDA900FFEAAA /* AssetView.swift in Sources */ = {isa = PBXBuildFile; fileRef = 1C3EB39E284FBDA900FFEAAA /* AssetView.swift */; };
		1C3EB3A1284FC10300FFEAAA /* AssetBanner.swift in Sources */ = {isa = PBXBuildFile; fileRef = 1C3EB3A0284FC10300FFEAAA /* AssetBanner.swift */; };
		1C3EB3A4284FC17900FFEAAA /* BannerCard.swift in Sources */ = {isa = PBXBuildFile; fileRef = 1C3EB3A3284FC17900FFEAAA /* BannerCard.swift */; };
		1C3EB3A7284FC33F00FFEAAA /* PageViewController.swift in Sources */ = {isa = PBXBuildFile; fileRef = 1C3EB3A6284FC33F00FFEAAA /* PageViewController.swift */; };
		1C3EB3A9284FC98100FFEAAA /* PageControl.swift in Sources */ = {isa = PBXBuildFile; fileRef = 1C3EB3A8284FC98100FFEAAA /* PageControl.swift */; };
		1C3EB3AB284FCC0C00FFEAAA /* AssetBannerView.swift in Sources */ = {isa = PBXBuildFile; fileRef = 1C3EB3AA284FCC0C00FFEAAA /* AssetBannerView.swift */; };
		1C3EB3AE28512C2100FFEAAA /* assets.json in Resources */ = {isa = PBXBuildFile; fileRef = 1C3EB3AD28512C2100FFEAAA /* assets.json */; };
/* End PBXBuildFile section */

/* Begin PBXFileReference section */
		1C3EB383284E6E4600FFEAAA /* MyAssets.app */ = {isa = PBXFileReference; explicitFileType = wrapper.application; includeInIndex = 0; path = MyAssets.app; sourceTree = BUILT_PRODUCTS_DIR; };
		1C3EB386284E6E4600FFEAAA /* MyAssetsApp.swift */ = {isa = PBXFileReference; lastKnownFileType = sourcecode.swift; path = MyAssetsApp.swift; sourceTree = "<group>"; };
		1C3EB388284E6E4600FFEAAA /* ContentView.swift */ = {isa = PBXFileReference; lastKnownFileType = sourcecode.swift; path = ContentView.swift; sourceTree = "<group>"; };
		1C3EB38A284E6E4700FFEAAA /* Assets.xcassets */ = {isa = PBXFileReference; lastKnownFileType = folder.assetcatalog; path = Assets.xcassets; sourceTree = "<group>"; };
		1C3EB38D284E6E4700FFEAAA /* Preview Assets.xcassets */ = {isa = PBXFileReference; lastKnownFileType = folder.assetcatalog; path = "Preview Assets.xcassets"; sourceTree = "<group>"; };
		1C3EB394284E890F00FFEAAA /* NavigationBarWithButton.swift */ = {isa = PBXFileReference; lastKnownFileType = sourcecode.swift; path = NavigationBarWithButton.swift; sourceTree = "<group>"; };
		1C3EB396284FAC3D00FFEAAA /* AssetMenu.swift */ = {isa = PBXFileReference; lastKnownFileType = sourcecode.swift; path = AssetMenu.swift; sourceTree = "<group>"; };
		1C3EB398284FADFE00FFEAAA /* AssetMenuButtonStyle.swift */ = {isa = PBXFileReference; lastKnownFileType = sourcecode.swift; path = AssetMenuButtonStyle.swift; sourceTree = "<group>"; };
		1C3EB39C284FB87F00FFEAAA /* AssetMenuGridView.swift */ = {isa = PBXFileReference; lastKnownFileType = sourcecode.swift; path = AssetMenuGridView.swift; sourceTree = "<group>"; };
		1C3EB39E284FBDA900FFEAAA /* AssetView.swift */ = {isa = PBXFileReference; lastKnownFileType = sourcecode.swift; path = AssetView.swift; sourceTree = "<group>"; };
		1C3EB3A0284FC10300FFEAAA /* AssetBanner.swift */ = {isa = PBXFileReference; lastKnownFileType = sourcecode.swift; path = AssetBanner.swift; sourceTree = "<group>"; };
		1C3EB3A3284FC17900FFEAAA /* BannerCard.swift */ = {isa = PBXFileReference; lastKnownFileType = sourcecode.swift; path = BannerCard.swift; sourceTree = "<group>"; };
		1C3EB3A6284FC33F00FFEAAA /* PageViewController.swift */ = {isa = PBXFileReference; lastKnownFileType = sourcecode.swift; path = PageViewController.swift; sourceTree = "<group>"; };
		1C3EB3A8284FC98100FFEAAA /* PageControl.swift */ = {isa = PBXFileReference; lastKnownFileType = sourcecode.swift; path = PageControl.swift; sourceTree = "<group>"; };
		1C3EB3AA284FCC0C00FFEAAA /* AssetBannerView.swift */ = {isa = PBXFileReference; lastKnownFileType = sourcecode.swift; path = AssetBannerView.swift; sourceTree = "<group>"; };
		1C3EB3AD28512C2100FFEAAA /* assets.json */ = {isa = PBXFileReference; fileEncoding = 4; lastKnownFileType = text.json; path = assets.json; sourceTree = "<group>"; };
/* End PBXFileReference section */

/* Begin PBXFrameworksBuildPhase section */
		1C3EB380284E6E4600FFEAAA /* Frameworks */ = {
			isa = PBXFrameworksBuildPhase;
			buildActionMask = 2147483647;
			files = (
			);
			runOnlyForDeploymentPostprocessing = 0;
		};
/* End PBXFrameworksBuildPhase section */

/* Begin PBXGroup section */
		1C3EB37A284E6E4600FFEAAA = {
			isa = PBXGroup;
			children = (
				1C3EB385284E6E4600FFEAAA /* MyAssets */,
				1C3EB384284E6E4600FFEAAA /* Products */,
			);
			sourceTree = "<group>";
		};
		1C3EB384284E6E4600FFEAAA /* Products */ = {
			isa = PBXGroup;
			children = (
				1C3EB383284E6E4600FFEAAA /* MyAssets.app */,
			);
			name = Products;
			sourceTree = "<group>";
		};
		1C3EB385284E6E4600FFEAAA /* MyAssets */ = {
			isa = PBXGroup;
			children = (
				1C3EB386284E6E4600FFEAAA /* MyAssetsApp.swift */,
				1C3EB388284E6E4600FFEAAA /* ContentView.swift */,
				1C3EB394284E890F00FFEAAA /* NavigationBarWithButton.swift */,
				1C3EB39E284FBDA900FFEAAA /* AssetView.swift */,
				1C3EB3A2284FC11D00FFEAAA /* Entity */,
				1C3EB3AC284FCC2300FFEAAA /* AssetBannerView */,
				1C3EB3A5284FC1A900FFEAAA /* AssetMenu */,
				1C3EB38A284E6E4700FFEAAA /* Assets.xcassets */,
				1C3EB3AD28512C2100FFEAAA /* assets.json */,
				1C3EB38C284E6E4700FFEAAA /* Preview Content */,
			);
			path = MyAssets;
			sourceTree = "<group>";
		};
		1C3EB38C284E6E4700FFEAAA /* Preview Content */ = {
			isa = PBXGroup;
			children = (
				1C3EB38D284E6E4700FFEAAA /* Preview Assets.xcassets */,
			);
			path = "Preview Content";
			sourceTree = "<group>";
		};
		1C3EB3A2284FC11D00FFEAAA /* Entity */ = {
			isa = PBXGroup;
			children = (
				1C3EB396284FAC3D00FFEAAA /* AssetMenu.swift */,
				1C3EB3A0284FC10300FFEAAA /* AssetBanner.swift */,
			);
			path = Entity;
			sourceTree = "<group>";
		};
		1C3EB3A5284FC1A900FFEAAA /* AssetMenu */ = {
			isa = PBXGroup;
			children = (
				1C3EB39C284FB87F00FFEAAA /* AssetMenuGridView.swift */,
				1C3EB398284FADFE00FFEAAA /* AssetMenuButtonStyle.swift */,
			);
			path = AssetMenu;
			sourceTree = "<group>";
		};
		1C3EB3AC284FCC2300FFEAAA /* AssetBannerView */ = {
			isa = PBXGroup;
			children = (
				1C3EB3AA284FCC0C00FFEAAA /* AssetBannerView.swift */,
				1C3EB3A3284FC17900FFEAAA /* BannerCard.swift */,
				1C3EB3A6284FC33F00FFEAAA /* PageViewController.swift */,
				1C3EB3A8284FC98100FFEAAA /* PageControl.swift */,
			);
			path = AssetBannerView;
			sourceTree = "<group>";
		};
/* End PBXGroup section */

/* Begin PBXNativeTarget section */
		1C3EB382284E6E4600FFEAAA /* MyAssets */ = {
			isa = PBXNativeTarget;
			buildConfigurationList = 1C3EB391284E6E4700FFEAAA /* Build configuration list for PBXNativeTarget "MyAssets" */;
			buildPhases = (
				1C3EB37F284E6E4600FFEAAA /* Sources */,
				1C3EB380284E6E4600FFEAAA /* Frameworks */,
				1C3EB381284E6E4600FFEAAA /* Resources */,
			);
			buildRules = (
			);
			dependencies = (
			);
			name = MyAssets;
			productName = MyAssets;
			productReference = 1C3EB383284E6E4600FFEAAA /* MyAssets.app */;
			productType = "com.apple.product-type.application";
		};
/* End PBXNativeTarget section */

/* Begin PBXProject section */
		1C3EB37B284E6E4600FFEAAA /* Project object */ = {
			isa = PBXProject;
			attributes = {
				BuildIndependentTargetsInParallel = 1;
				LastSwiftUpdateCheck = 1320;
				LastUpgradeCheck = 1320;
				TargetAttributes = {
					1C3EB382284E6E4600FFEAAA = {
						CreatedOnToolsVersion = 13.2.1;
					};
				};
			};
			buildConfigurationList = 1C3EB37E284E6E4600FFEAAA /* Build configuration list for PBXProject "MyAssets" */;
			compatibilityVersion = "Xcode 13.0";
			developmentRegion = en;
			hasScannedForEncodings = 0;
			knownRegions = (
				en,
				Base,
			);
			mainGroup = 1C3EB37A284E6E4600FFEAAA;
			productRefGroup = 1C3EB384284E6E4600FFEAAA /* Products */;
			projectDirPath = "";
			projectRoot = "";
			targets = (
				1C3EB382284E6E4600FFEAAA /* MyAssets */,
			);
		};
/* End PBXProject section */

/* Begin PBXResourcesBuildPhase section */
		1C3EB381284E6E4600FFEAAA /* Resources */ = {
			isa = PBXResourcesBuildPhase;
			buildActionMask = 2147483647;
			files = (
				1C3EB3AE28512C2100FFEAAA /* assets.json in Resources */,
				1C3EB38E284E6E4700FFEAAA /* Preview Assets.xcassets in Resources */,
				1C3EB38B284E6E4700FFEAAA /* Assets.xcassets in Resources */,
			);
			runOnlyForDeploymentPostprocessing = 0;
		};
/* End PBXResourcesBuildPhase section */

/* Begin PBXSourcesBuildPhase section */
		1C3EB37F284E6E4600FFEAAA /* Sources */ = {
			isa = PBXSourcesBuildPhase;
			buildActionMask = 2147483647;
			files = (
				1C3EB39D284FB87F00FFEAAA /* AssetMenuGridView.swift in Sources */,
				1C3EB3A7284FC33F00FFEAAA /* PageViewController.swift in Sources */,
				1C3EB395284E890F00FFEAAA /* NavigationBarWithButton.swift in Sources */,
				1C3EB3A1284FC10300FFEAAA /* AssetBanner.swift in Sources */,
				1C3EB39F284FBDA900FFEAAA /* AssetView.swift in Sources */,
				1C3EB389284E6E4600FFEAAA /* ContentView.swift in Sources */,
				1C3EB387284E6E4600FFEAAA /* MyAssetsApp.swift in Sources */,
				1C3EB397284FAC3E00FFEAAA /* AssetMenu.swift in Sources */,
				1C3EB3A9284FC98100FFEAAA /* PageControl.swift in Sources */,
				1C3EB3AB284FCC0C00FFEAAA /* AssetBannerView.swift in Sources */,
				1C3EB3A4284FC17900FFEAAA /* BannerCard.swift in Sources */,
				1C3EB399284FADFF00FFEAAA /* AssetMenuButtonStyle.swift in Sources */,
			);
			runOnlyForDeploymentPostprocessing = 0;
		};
/* End PBXSourcesBuildPhase section */

/* Begin XCBuildConfiguration section */
		1C3EB38F284E6E4700FFEAAA /* Debug */ = {
			isa = XCBuildConfiguration;
			buildSettings = {
				ALWAYS_SEARCH_USER_PATHS = NO;
				CLANG_ANALYZER_NONNULL = YES;
				CLANG_ANALYZER_NUMBER_OBJECT_CONVERSION = YES_AGGRESSIVE;
				CLANG_CXX_LANGUAGE_STANDARD = "gnu++17";
				CLANG_CXX_LIBRARY = "libc++";
				CLANG_ENABLE_MODULES = YES;
				CLANG_ENABLE_OBJC_ARC = YES;
				CLANG_ENABLE_OBJC_WEAK = YES;
				CLANG_WARN_BLOCK_CAPTURE_AUTORELEASING = YES;
				CLANG_WARN_BOOL_CONVERSION = YES;
				CLANG_WARN_COMMA = YES;
				CLANG_WARN_CONSTANT_CONVERSION = YES;
				CLANG_WARN_DEPRECATED_OBJC_IMPLEMENTATIONS = YES;
				CLANG_WARN_DIRECT_OBJC_ISA_USAGE = YES_ERROR;
				CLANG_WARN_DOCUMENTATION_COMMENTS = YES;
				CLANG_WARN_EMPTY_BODY = YES;
				CLANG_WARN_ENUM_CONVERSION = YES;
				CLANG_WARN_INFINITE_RECURSION = YES;
				CLANG_WARN_INT_CONVERSION = YES;
				CLANG_WARN_NON_LITERAL_NULL_CONVERSION = YES;
				CLANG_WARN_OBJC_IMPLICIT_RETAIN_SELF = YES;
				CLANG_WARN_OBJC_LITERAL_CONVERSION = YES;
				CLANG_WARN_OBJC_ROOT_CLASS = YES_ERROR;
				CLANG_WARN_QUOTED_INCLUDE_IN_FRAMEWORK_HEADER = YES;
				CLANG_WARN_RANGE_LOOP_ANALYSIS = YES;
				CLANG_WARN_STRICT_PROTOTYPES = YES;
				CLANG_WARN_SUSPICIOUS_MOVE = YES;
				CLANG_WARN_UNGUARDED_AVAILABILITY = YES_AGGRESSIVE;
				CLANG_WARN_UNREACHABLE_CODE = YES;
				CLANG_WARN__DUPLICATE_METHOD_MATCH = YES;
				COPY_PHASE_STRIP = NO;
				DEBUG_INFORMATION_FORMAT = dwarf;
				ENABLE_STRICT_OBJC_MSGSEND = YES;
				ENABLE_TESTABILITY = YES;
				GCC_C_LANGUAGE_STANDARD = gnu11;
				GCC_DYNAMIC_NO_PIC = NO;
				GCC_NO_COMMON_BLOCKS = YES;
				GCC_OPTIMIZATION_LEVEL = 0;
				GCC_PREPROCESSOR_DEFINITIONS = (
					"DEBUG=1",
					"$(inherited)",
				);
				GCC_WARN_64_TO_32_BIT_CONVERSION = YES;
				GCC_WARN_ABOUT_RETURN_TYPE = YES_ERROR;
				GCC_WARN_UNDECLARED_SELECTOR = YES;
				GCC_WARN_UNINITIALIZED_AUTOS = YES_AGGRESSIVE;
				GCC_WARN_UNUSED_FUNCTION = YES;
				GCC_WARN_UNUSED_VARIABLE = YES;
				IPHONEOS_DEPLOYMENT_TARGET = 15.2;
				MTL_ENABLE_DEBUG_INFO = INCLUDE_SOURCE;
				MTL_FAST_MATH = YES;
				ONLY_ACTIVE_ARCH = YES;
				SDKROOT = iphoneos;
				SWIFT_ACTIVE_COMPILATION_CONDITIONS = DEBUG;
				SWIFT_OPTIMIZATION_LEVEL = "-Onone";
			};
			name = Debug;
		};
		1C3EB390284E6E4700FFEAAA /* Release */ = {
			isa = XCBuildConfiguration;
			buildSettings = {
				ALWAYS_SEARCH_USER_PATHS = NO;
				CLANG_ANALYZER_NONNULL = YES;
				CLANG_ANALYZER_NUMBER_OBJECT_CONVERSION = YES_AGGRESSIVE;
				CLANG_CXX_LANGUAGE_STANDARD = "gnu++17";
				CLANG_CXX_LIBRARY = "libc++";
				CLANG_ENABLE_MODULES = YES;
				CLANG_ENABLE_OBJC_ARC = YES;
				CLANG_ENABLE_OBJC_WEAK = YES;
				CLANG_WARN_BLOCK_CAPTURE_AUTORELEASING = YES;
				CLANG_WARN_BOOL_CONVERSION = YES;
				CLANG_WARN_COMMA = YES;
				CLANG_WARN_CONSTANT_CONVERSION = YES;
				CLANG_WARN_DEPRECATED_OBJC_IMPLEMENTATIONS = YES;
				CLANG_WARN_DIRECT_OBJC_ISA_USAGE = YES_ERROR;
				CLANG_WARN_DOCUMENTATION_COMMENTS = YES;
				CLANG_WARN_EMPTY_BODY = YES;
				CLANG_WARN_ENUM_CONVERSION = YES;
				CLANG_WARN_INFINITE_RECURSION = YES;
				CLANG_WARN_INT_CONVERSION = YES;
				CLANG_WARN_NON_LITERAL_NULL_CONVERSION = YES;
				CLANG_WARN_OBJC_IMPLICIT_RETAIN_SELF = YES;
				CLANG_WARN_OBJC_LITERAL_CONVERSION = YES;
				CLANG_WARN_OBJC_ROOT_CLASS = YES_ERROR;
				CLANG_WARN_QUOTED_INCLUDE_IN_FRAMEWORK_HEADER = YES;
				CLANG_WARN_RANGE_LOOP_ANALYSIS = YES;
				CLANG_WARN_STRICT_PROTOTYPES = YES;
				CLANG_WARN_SUSPICIOUS_MOVE = YES;
				CLANG_WARN_UNGUARDED_AVAILABILITY = YES_AGGRESSIVE;
				CLANG_WARN_UNREACHABLE_CODE = YES;
				CLANG_WARN__DUPLICATE_METHOD_MATCH = YES;
				COPY_PHASE_STRIP = NO;
				DEBUG_INFORMATION_FORMAT = "dwarf-with-dsym";
				ENABLE_NS_ASSERTIONS = NO;
				ENABLE_STRICT_OBJC_MSGSEND = YES;
				GCC_C_LANGUAGE_STANDARD = gnu11;
				GCC_NO_COMMON_BLOCKS = YES;
				GCC_WARN_64_TO_32_BIT_CONVERSION = YES;
				GCC_WARN_ABOUT_RETURN_TYPE = YES_ERROR;
				GCC_WARN_UNDECLARED_SELECTOR = YES;
				GCC_WARN_UNINITIALIZED_AUTOS = YES_AGGRESSIVE;
				GCC_WARN_UNUSED_FUNCTION = YES;
				GCC_WARN_UNUSED_VARIABLE = YES;
				IPHONEOS_DEPLOYMENT_TARGET = 15.2;
				MTL_ENABLE_DEBUG_INFO = NO;
				MTL_FAST_MATH = YES;
				SDKROOT = iphoneos;
				SWIFT_COMPILATION_MODE = wholemodule;
				SWIFT_OPTIMIZATION_LEVEL = "-O";
				VALIDATE_PRODUCT = YES;
			};
			name = Release;
		};
		1C3EB392284E6E4700FFEAAA /* Debug */ = {
			isa = XCBuildConfiguration;
			buildSettings = {
				ASSETCATALOG_COMPILER_APPICON_NAME = AppIcon;
				ASSETCATALOG_COMPILER_GLOBAL_ACCENT_COLOR_NAME = AccentColor;
				CODE_SIGN_STYLE = Automatic;
				CURRENT_PROJECT_VERSION = 1;
				DEVELOPMENT_ASSET_PATHS = "\"MyAssets/Preview Content\"";
				ENABLE_PREVIEWS = YES;
				GENERATE_INFOPLIST_FILE = YES;
				INFOPLIST_KEY_UIApplicationSceneManifest_Generation = YES;
				INFOPLIST_KEY_UIApplicationSupportsIndirectInputEvents = YES;
				INFOPLIST_KEY_UILaunchScreen_Generation = YES;
				INFOPLIST_KEY_UISupportedInterfaceOrientations_iPad = "UIInterfaceOrientationPortrait UIInterfaceOrientationPortraitUpsideDown UIInterfaceOrientationLandscapeLeft UIInterfaceOrientationLandscapeRight";
				INFOPLIST_KEY_UISupportedInterfaceOrientations_iPhone = "UIInterfaceOrientationPortrait UIInterfaceOrientationLandscapeLeft UIInterfaceOrientationLandscapeRight";
				INFOPLIST_KEY_UIUserInterfaceStyle = Light;
				LD_RUNPATH_SEARCH_PATHS = (
					"$(inherited)",
					"@executable_path/Frameworks",
				);
				MARKETING_VERSION = 1.0;
				PRODUCT_BUNDLE_IDENTIFIER = isaac.MyAssets;
				PRODUCT_NAME = "$(TARGET_NAME)";
				SWIFT_EMIT_LOC_STRINGS = YES;
				SWIFT_VERSION = 5.0;
				TARGETED_DEVICE_FAMILY = "1,2";
			};
			name = Debug;
		};
		1C3EB393284E6E4700FFEAAA /* Release */ = {
			isa = XCBuildConfiguration;
			buildSettings = {
				ASSETCATALOG_COMPILER_APPICON_NAME = AppIcon;
				ASSETCATALOG_COMPILER_GLOBAL_ACCENT_COLOR_NAME = AccentColor;
				CODE_SIGN_STYLE = Automatic;
				CURRENT_PROJECT_VERSION = 1;
				DEVELOPMENT_ASSET_PATHS = "\"MyAssets/Preview Content\"";
				ENABLE_PREVIEWS = YES;
				GENERATE_INFOPLIST_FILE = YES;
				INFOPLIST_KEY_UIApplicationSceneManifest_Generation = YES;
				INFOPLIST_KEY_UIApplicationSupportsIndirectInputEvents = YES;
				INFOPLIST_KEY_UILaunchScreen_Generation = YES;
				INFOPLIST_KEY_UISupportedInterfaceOrientations_iPad = "UIInterfaceOrientationPortrait UIInterfaceOrientationPortraitUpsideDown UIInterfaceOrientationLandscapeLeft UIInterfaceOrientationLandscapeRight";
				INFOPLIST_KEY_UISupportedInterfaceOrientations_iPhone = "UIInterfaceOrientationPortrait UIInterfaceOrientationLandscapeLeft UIInterfaceOrientationLandscapeRight";
				INFOPLIST_KEY_UIUserInterfaceStyle = Light;
				LD_RUNPATH_SEARCH_PATHS = (
					"$(inherited)",
					"@executable_path/Frameworks",
				);
				MARKETING_VERSION = 1.0;
				PRODUCT_BUNDLE_IDENTIFIER = isaac.MyAssets;
				PRODUCT_NAME = "$(TARGET_NAME)";
				SWIFT_EMIT_LOC_STRINGS = YES;
				SWIFT_VERSION = 5.0;
				TARGETED_DEVICE_FAMILY = "1,2";
			};
			name = Release;
		};
/* End XCBuildConfiguration section */

/* Begin XCConfigurationList section */
		1C3EB37E284E6E4600FFEAAA /* Build configuration list for PBXProject "MyAssets" */ = {
			isa = XCConfigurationList;
			buildConfigurations = (
				1C3EB38F284E6E4700FFEAAA /* Debug */,
				1C3EB390284E6E4700FFEAAA /* Release */,
			);
			defaultConfigurationIsVisible = 0;
			defaultConfigurationName = Release;
		};
		1C3EB391284E6E4700FFEAAA /* Build configuration list for PBXNativeTarget "MyAssets" */ = {
			isa = XCConfigurationList;
			buildConfigurations = (
				1C3EB392284E6E4700FFEAAA /* Debug */,
				1C3EB393284E6E4700FFEAAA /* Release */,
			);
			defaultConfigurationIsVisible = 0;
			defaultConfigurationName = Release;
		};
/* End XCConfigurationList section */
	};
	rootObject = 1C3EB37B284E6E4600FFEAAA /* Project object */;
}
